// !$*UTF8*$!
{
	archiveVersion = 1;
	classes = {
	};
	objectVersion = 48;
	objects = {

/* Begin PBXBuildFile section */
		834FAEF1186F607600B52934 /* NotifierBackend.m in Sources */ = {isa = PBXBuildFile; fileRef = 834FAEF0186F607600B52934 /* NotifierBackend.m */; };
		836AEDFF187520E20035215A /* Settings.bundle in Resources */ = {isa = PBXBuildFile; fileRef = 836AEDFE187520E20035215A /* Settings.bundle */; };
		836D3002186FDE370046DA16 /* AudioToolbox.framework in Frameworks */ = {isa = PBXBuildFile; fileRef = 836D3001186FDE370046DA16 /* AudioToolbox.framework */; };
		83BFA3591865FDE000BF833D /* Foundation.framework in Frameworks */ = {isa = PBXBuildFile; fileRef = 83BFA3581865FDE000BF833D /* Foundation.framework */; };
		83BFA35B1865FDE000BF833D /* CoreGraphics.framework in Frameworks */ = {isa = PBXBuildFile; fileRef = 83BFA35A1865FDE000BF833D /* CoreGraphics.framework */; };
		83BFA35D1865FDE000BF833D /* UIKit.framework in Frameworks */ = {isa = PBXBuildFile; fileRef = 83BFA35C1865FDE000BF833D /* UIKit.framework */; };
		83BFA3631865FDE000BF833D /* InfoPlist.strings in Resources */ = {isa = PBXBuildFile; fileRef = 83BFA3611865FDE000BF833D /* InfoPlist.strings */; };
		83BFA3651865FDE000BF833D /* main.m in Sources */ = {isa = PBXBuildFile; fileRef = 83BFA3641865FDE000BF833D /* main.m */; };
		83BFA3691865FDE000BF833D /* AppDelegate.m in Sources */ = {isa = PBXBuildFile; fileRef = 83BFA3681865FDE000BF833D /* AppDelegate.m */; };
		83BFA36C1865FDE000BF833D /* Main_iPhone.storyboard in Resources */ = {isa = PBXBuildFile; fileRef = 83BFA36A1865FDE000BF833D /* Main_iPhone.storyboard */; };
		83BFA36F1865FDE000BF833D /* Main_iPad.storyboard in Resources */ = {isa = PBXBuildFile; fileRef = 83BFA36D1865FDE000BF833D /* Main_iPad.storyboard */; };
		83BFA3721865FDE000BF833D /* ViewController.m in Sources */ = {isa = PBXBuildFile; fileRef = 83BFA3711865FDE000BF833D /* ViewController.m */; };
		83BFA3741865FDE000BF833D /* Images.xcassets in Resources */ = {isa = PBXBuildFile; fileRef = 83BFA3731865FDE000BF833D /* Images.xcassets */; };
		83BFECE51868B06E00B69F0C /* BTCBackend.m in Sources */ = {isa = PBXBuildFile; fileRef = 83BFECE41868B06E00B69F0C /* BTCBackend.m */; };
		83DC101D19480F5A00442C9F /* CFNetwork.framework in Frameworks */ = {isa = PBXBuildFile; fileRef = 83DC101C19480F5A00442C9F /* CFNetwork.framework */; };
		83DC101F19480F6300442C9F /* SystemConfiguration.framework in Frameworks */ = {isa = PBXBuildFile; fileRef = 83DC101E19480F6300442C9F /* SystemConfiguration.framework */; };
		83DC102119480F6800442C9F /* StoreKit.framework in Frameworks */ = {isa = PBXBuildFile; fileRef = 83DC102019480F6800442C9F /* StoreKit.framework */; };
/* End PBXBuildFile section */

/* Begin PBXFileReference section */
		832C23E31EBEFA2900CED0F7 /* BTCTicker.entitlements */ = {isa = PBXFileReference; lastKnownFileType = text.plist.entitlements; path = BTCTicker.entitlements; sourceTree = "<group>"; };
		834FAEEF186F607600B52934 /* NotifierBackend.h */ = {isa = PBXFileReference; fileEncoding = 4; lastKnownFileType = sourcecode.c.h; path = NotifierBackend.h; sourceTree = "<group>"; };
		834FAEF0186F607600B52934 /* NotifierBackend.m */ = {isa = PBXFileReference; fileEncoding = 4; lastKnownFileType = sourcecode.c.objc; path = NotifierBackend.m; sourceTree = "<group>"; };
		836AEDFE187520E20035215A /* Settings.bundle */ = {isa = PBXFileReference; lastKnownFileType = "wrapper.plug-in"; path = Settings.bundle; sourceTree = "<group>"; };
		836D3001186FDE370046DA16 /* AudioToolbox.framework */ = {isa = PBXFileReference; lastKnownFileType = wrapper.framework; name = AudioToolbox.framework; path = System/Library/Frameworks/AudioToolbox.framework; sourceTree = SDKROOT; };
		83BFA3551865FDE000BF833D /* BTCTicker.app */ = {isa = PBXFileReference; explicitFileType = wrapper.application; includeInIndex = 0; path = BTCTicker.app; sourceTree = BUILT_PRODUCTS_DIR; };
		83BFA3581865FDE000BF833D /* Foundation.framework */ = {isa = PBXFileReference; lastKnownFileType = wrapper.framework; name = Foundation.framework; path = System/Library/Frameworks/Foundation.framework; sourceTree = SDKROOT; };
		83BFA35A1865FDE000BF833D /* CoreGraphics.framework */ = {isa = PBXFileReference; lastKnownFileType = wrapper.framework; name = CoreGraphics.framework; path = System/Library/Frameworks/CoreGraphics.framework; sourceTree = SDKROOT; };
		83BFA35C1865FDE000BF833D /* UIKit.framework */ = {isa = PBXFileReference; lastKnownFileType = wrapper.framework; name = UIKit.framework; path = System/Library/Frameworks/UIKit.framework; sourceTree = SDKROOT; };
		83BFA3601865FDE000BF833D /* BTCTicker-Info.plist */ = {isa = PBXFileReference; lastKnownFileType = text.plist.xml; path = "BTCTicker-Info.plist"; sourceTree = "<group>"; };
		83BFA3621865FDE000BF833D /* en */ = {isa = PBXFileReference; lastKnownFileType = text.plist.strings; name = en; path = en.lproj/InfoPlist.strings; sourceTree = "<group>"; };
		83BFA3641865FDE000BF833D /* main.m */ = {isa = PBXFileReference; lastKnownFileType = sourcecode.c.objc; path = main.m; sourceTree = "<group>"; };
		83BFA3661865FDE000BF833D /* BTCTicker-Prefix.pch */ = {isa = PBXFileReference; lastKnownFileType = sourcecode.c.h; path = "BTCTicker-Prefix.pch"; sourceTree = "<group>"; };
		83BFA3671865FDE000BF833D /* AppDelegate.h */ = {isa = PBXFileReference; lastKnownFileType = sourcecode.c.h; path = AppDelegate.h; sourceTree = "<group>"; };
		83BFA3681865FDE000BF833D /* AppDelegate.m */ = {isa = PBXFileReference; lastKnownFileType = sourcecode.c.objc; path = AppDelegate.m; sourceTree = "<group>"; };
		83BFA36B1865FDE000BF833D /* Base */ = {isa = PBXFileReference; lastKnownFileType = file.storyboard; name = Base; path = Base.lproj/Main_iPhone.storyboard; sourceTree = "<group>"; };
		83BFA36E1865FDE000BF833D /* Base */ = {isa = PBXFileReference; lastKnownFileType = file.storyboard; name = Base; path = Base.lproj/Main_iPad.storyboard; sourceTree = "<group>"; };
		83BFA3701865FDE000BF833D /* ViewController.h */ = {isa = PBXFileReference; lastKnownFileType = sourcecode.c.h; path = ViewController.h; sourceTree = "<group>"; };
		83BFA3711865FDE000BF833D /* ViewController.m */ = {isa = PBXFileReference; lastKnownFileType = sourcecode.c.objc; path = ViewController.m; sourceTree = "<group>"; };
		83BFA3731865FDE000BF833D /* Images.xcassets */ = {isa = PBXFileReference; lastKnownFileType = folder.assetcatalog; path = Images.xcassets; sourceTree = "<group>"; };
		83BFA37A1865FDE000BF833D /* XCTest.framework */ = {isa = PBXFileReference; lastKnownFileType = wrapper.framework; name = XCTest.framework; path = Library/Frameworks/XCTest.framework; sourceTree = DEVELOPER_DIR; };
		83BFECE31868B06E00B69F0C /* BTCBackend.h */ = {isa = PBXFileReference; fileEncoding = 4; lastKnownFileType = sourcecode.c.h; path = BTCBackend.h; sourceTree = "<group>"; };
		83BFECE41868B06E00B69F0C /* BTCBackend.m */ = {isa = PBXFileReference; fileEncoding = 4; lastKnownFileType = sourcecode.c.objc; path = BTCBackend.m; sourceTree = "<group>"; };
		83BFECE71868B23C00B69F0C /* definitions.h */ = {isa = PBXFileReference; lastKnownFileType = sourcecode.c.h; path = definitions.h; sourceTree = "<group>"; };
		83DC101C19480F5A00442C9F /* CFNetwork.framework */ = {isa = PBXFileReference; lastKnownFileType = wrapper.framework; name = CFNetwork.framework; path = System/Library/Frameworks/CFNetwork.framework; sourceTree = SDKROOT; };
		83DC101E19480F6300442C9F /* SystemConfiguration.framework */ = {isa = PBXFileReference; lastKnownFileType = wrapper.framework; name = SystemConfiguration.framework; path = System/Library/Frameworks/SystemConfiguration.framework; sourceTree = SDKROOT; };
		83DC102019480F6800442C9F /* StoreKit.framework */ = {isa = PBXFileReference; lastKnownFileType = wrapper.framework; name = StoreKit.framework; path = System/Library/Frameworks/StoreKit.framework; sourceTree = SDKROOT; };
/* End PBXFileReference section */

/* Begin PBXFrameworksBuildPhase section */
		83BFA3521865FDE000BF833D /* Frameworks */ = {
			isa = PBXFrameworksBuildPhase;
			buildActionMask = 2147483647;
			files = (
				83DC102119480F6800442C9F /* StoreKit.framework in Frameworks */,
				83DC101F19480F6300442C9F /* SystemConfiguration.framework in Frameworks */,
				83DC101D19480F5A00442C9F /* CFNetwork.framework in Frameworks */,
				836D3002186FDE370046DA16 /* AudioToolbox.framework in Frameworks */,
				83BFA35B1865FDE000BF833D /* CoreGraphics.framework in Frameworks */,
				83BFA35D1865FDE000BF833D /* UIKit.framework in Frameworks */,
				83BFA3591865FDE000BF833D /* Foundation.framework in Frameworks */,
			);
			runOnlyForDeploymentPostprocessing = 0;
		};
/* End PBXFrameworksBuildPhase section */

/* Begin PBXGroup section */
		83BFA34C1865FDE000BF833D = {
			isa = PBXGroup;
			children = (
				836AEDFE187520E20035215A /* Settings.bundle */,
				83BFA35E1865FDE000BF833D /* BTCTicker */,
				83BFA3571865FDE000BF833D /* Frameworks */,
				83BFA3561865FDE000BF833D /* Products */,
			);
			sourceTree = "<group>";
		};
		83BFA3561865FDE000BF833D /* Products */ = {
			isa = PBXGroup;
			children = (
				83BFA3551865FDE000BF833D /* BTCTicker.app */,
			);
			name = Products;
			sourceTree = "<group>";
		};
		83BFA3571865FDE000BF833D /* Frameworks */ = {
			isa = PBXGroup;
			children = (
				83DC102019480F6800442C9F /* StoreKit.framework */,
				83DC101E19480F6300442C9F /* SystemConfiguration.framework */,
				83DC101C19480F5A00442C9F /* CFNetwork.framework */,
				836D3001186FDE370046DA16 /* AudioToolbox.framework */,
				83BFA3581865FDE000BF833D /* Foundation.framework */,
				83BFA35A1865FDE000BF833D /* CoreGraphics.framework */,
				83BFA35C1865FDE000BF833D /* UIKit.framework */,
				83BFA37A1865FDE000BF833D /* XCTest.framework */,
			);
			name = Frameworks;
			sourceTree = "<group>";
		};
		83BFA35E1865FDE000BF833D /* BTCTicker */ = {
			isa = PBXGroup;
			children = (
				832C23E31EBEFA2900CED0F7 /* BTCTicker.entitlements */,
				83BFA3671865FDE000BF833D /* AppDelegate.h */,
				83BFA3681865FDE000BF833D /* AppDelegate.m */,
				83BFECE61868B07E00B69F0C /* Backend */,
				83BFA36A1865FDE000BF833D /* Main_iPhone.storyboard */,
				83BFA36D1865FDE000BF833D /* Main_iPad.storyboard */,
				83BFA3701865FDE000BF833D /* ViewController.h */,
				83BFA3711865FDE000BF833D /* ViewController.m */,
				83BFA3731865FDE000BF833D /* Images.xcassets */,
				83BFA35F1865FDE000BF833D /* Supporting Files */,
			);
			path = BTCTicker;
			sourceTree = "<group>";
		};
		83BFA35F1865FDE000BF833D /* Supporting Files */ = {
			isa = PBXGroup;
			children = (
				83BFA3601865FDE000BF833D /* BTCTicker-Info.plist */,
				83BFA3611865FDE000BF833D /* InfoPlist.strings */,
				83BFA3641865FDE000BF833D /* main.m */,
				83BFA3661865FDE000BF833D /* BTCTicker-Prefix.pch */,
			);
			name = "Supporting Files";
			sourceTree = "<group>";
		};
		83BFECE61868B07E00B69F0C /* Backend */ = {
			isa = PBXGroup;
			children = (
				83BFECE71868B23C00B69F0C /* definitions.h */,
				83BFECE31868B06E00B69F0C /* BTCBackend.h */,
				83BFECE41868B06E00B69F0C /* BTCBackend.m */,
				834FAEEF186F607600B52934 /* NotifierBackend.h */,
				834FAEF0186F607600B52934 /* NotifierBackend.m */,
			);
			name = Backend;
			sourceTree = "<group>";
		};
/* End PBXGroup section */

/* Begin PBXNativeTarget section */
		83BFA3541865FDE000BF833D /* BTCTicker */ = {
			isa = PBXNativeTarget;
			buildConfigurationList = 83BFA38A1865FDE000BF833D /* Build configuration list for PBXNativeTarget "BTCTicker" */;
			buildPhases = (
				83BFA3511865FDE000BF833D /* Sources */,
				83BFA3521865FDE000BF833D /* Frameworks */,
				83BFA3531865FDE000BF833D /* Resources */,
			);
			buildRules = (
			);
			dependencies = (
			);
			name = BTCTicker;
			productName = BTCTicker;
			productReference = 83BFA3551865FDE000BF833D /* BTCTicker.app */;
			productType = "com.apple.product-type.application";
		};
/* End PBXNativeTarget section */

/* Begin PBXProject section */
		83BFA34D1865FDE000BF833D /* Project object */ = {
			isa = PBXProject;
			attributes = {
				LastUpgradeCheck = 0830;
				ORGANIZATIONNAME = "Jay Greco";
				TargetAttributes = {
					83BFA3541865FDE000BF833D = {
						ProvisioningStyle = Automatic;
						SystemCapabilities = {
							com.apple.BackgroundModes = {
								enabled = 1;
							};
							com.apple.Push = {
								enabled = 0;
							};
						};
					};
				};
			};
			buildConfigurationList = 83BFA3501865FDE000BF833D /* Build configuration list for PBXProject "BTCTicker" */;
			compatibilityVersion = "Xcode 8.0";
			developmentRegion = English;
			hasScannedForEncodings = 0;
			knownRegions = (
				en,
				Base,
				ar,
				ca,
				cs,
				da,
				de,
				el,
				es,
				fi,
				fr,
				he,
				hu,
				id,
				it,
				ja,
				ko,
				ms,
				nb,
				nl,
				pl,
				"pt-BR",
				pt,
				ro,
				ru,
				sk,
				sv,
				th,
				tr,
				uk,
				vi,
				"zh-Hans",
				"zh-Hant",
			);
			mainGroup = 83BFA34C1865FDE000BF833D;
			productRefGroup = 83BFA3561865FDE000BF833D /* Products */;
			projectDirPath = "";
			projectRoot = "";
			targets = (
				83BFA3541865FDE000BF833D /* BTCTicker */,
			);
		};
/* End PBXProject section */

/* Begin PBXResourcesBuildPhase section */
		83BFA3531865FDE000BF833D /* Resources */ = {
			isa = PBXResourcesBuildPhase;
			buildActionMask = 2147483647;
			files = (
				83BFA36F1865FDE000BF833D /* Main_iPad.storyboard in Resources */,
				83BFA3741865FDE000BF833D /* Images.xcassets in Resources */,
				836AEDFF187520E20035215A /* Settings.bundle in Resources */,
				83BFA36C1865FDE000BF833D /* Main_iPhone.storyboard in Resources */,
				83BFA3631865FDE000BF833D /* InfoPlist.strings in Resources */,
			);
			runOnlyForDeploymentPostprocessing = 0;
		};
/* End PBXResourcesBuildPhase section */

/* Begin PBXSourcesBuildPhase section */
		83BFA3511865FDE000BF833D /* Sources */ = {
			isa = PBXSourcesBuildPhase;
			buildActionMask = 2147483647;
			files = (
				834FAEF1186F607600B52934 /* NotifierBackend.m in Sources */,
				83BFECE51868B06E00B69F0C /* BTCBackend.m in Sources */,
				83BFA3721865FDE000BF833D /* ViewController.m in Sources */,
				83BFA3691865FDE000BF833D /* AppDelegate.m in Sources */,
				83BFA3651865FDE000BF833D /* main.m in Sources */,
			);
			runOnlyForDeploymentPostprocessing = 0;
		};
/* End PBXSourcesBuildPhase section */

/* Begin PBXVariantGroup section */
		83BFA3611865FDE000BF833D /* InfoPlist.strings */ = {
			isa = PBXVariantGroup;
			children = (
				83BFA3621865FDE000BF833D /* en */,
			);
			name = InfoPlist.strings;
			sourceTree = "<group>";
		};
		83BFA36A1865FDE000BF833D /* Main_iPhone.storyboard */ = {
			isa = PBXVariantGroup;
			children = (
				83BFA36B1865FDE000BF833D /* Base */,
			);
			name = Main_iPhone.storyboard;
			sourceTree = "<group>";
		};
		83BFA36D1865FDE000BF833D /* Main_iPad.storyboard */ = {
			isa = PBXVariantGroup;
			children = (
				83BFA36E1865FDE000BF833D /* Base */,
			);
			name = Main_iPad.storyboard;
			sourceTree = "<group>";
		};
/* End PBXVariantGroup section */

/* Begin XCBuildConfiguration section */
		83BFA3881865FDE000BF833D /* Debug */ = {
			isa = XCBuildConfiguration;
			buildSettings = {
				ALWAYS_SEARCH_USER_PATHS = NO;
				CLANG_ANALYZER_LOCALIZABILITY_NONLOCALIZED = YES;
				CLANG_CXX_LANGUAGE_STANDARD = "gnu++0x";
				CLANG_CXX_LIBRARY = "libc++";
				CLANG_ENABLE_MODULES = YES;
				CLANG_ENABLE_OBJC_ARC = YES;
				CLANG_WARN_BOOL_CONVERSION = YES;
				CLANG_WARN_CONSTANT_CONVERSION = YES;
				CLANG_WARN_DIRECT_OBJC_ISA_USAGE = YES_ERROR;
				CLANG_WARN_EMPTY_BODY = YES;
				CLANG_WARN_ENUM_CONVERSION = YES;
				CLANG_WARN_INFINITE_RECURSION = YES;
				CLANG_WARN_INT_CONVERSION = YES;
				CLANG_WARN_OBJC_ROOT_CLASS = YES_ERROR;
				CLANG_WARN_SUSPICIOUS_MOVE = YES;
				CLANG_WARN_UNREACHABLE_CODE = YES;
				CLANG_WARN__DUPLICATE_METHOD_MATCH = YES;
				CODE_SIGN_IDENTITY = "iPhone Developer";
				COPY_PHASE_STRIP = NO;
				ENABLE_STRICT_OBJC_MSGSEND = YES;
				ENABLE_TESTABILITY = YES;
				GCC_C_LANGUAGE_STANDARD = gnu99;
				GCC_DYNAMIC_NO_PIC = NO;
				GCC_NO_COMMON_BLOCKS = YES;
				GCC_OPTIMIZATION_LEVEL = 0;
				GCC_PREPROCESSOR_DEFINITIONS = (
					"DEBUG=1",
					"$(inherited)",
				);
				GCC_SYMBOLS_PRIVATE_EXTERN = NO;
				GCC_WARN_64_TO_32_BIT_CONVERSION = YES;
				GCC_WARN_ABOUT_RETURN_TYPE = YES_ERROR;
				GCC_WARN_UNDECLARED_SELECTOR = YES;
				GCC_WARN_UNINITIALIZED_AUTOS = YES;
				GCC_WARN_UNUSED_FUNCTION = YES;
				GCC_WARN_UNUSED_VARIABLE = YES;
				IPHONEOS_DEPLOYMENT_TARGET = 9.0;
				ONLY_ACTIVE_ARCH = YES;
				SDKROOT = iphoneos;
				TARGETED_DEVICE_FAMILY = "1,2";
			};
			name = Debug;
		};
		83BFA3891865FDE000BF833D /* Release */ = {
			isa = XCBuildConfiguration;
			buildSettings = {
				ALWAYS_SEARCH_USER_PATHS = NO;
				CLANG_ANALYZER_LOCALIZABILITY_NONLOCALIZED = YES;
				CLANG_CXX_LANGUAGE_STANDARD = "gnu++0x";
				CLANG_CXX_LIBRARY = "libc++";
				CLANG_ENABLE_MODULES = YES;
				CLANG_ENABLE_OBJC_ARC = YES;
				CLANG_WARN_BOOL_CONVERSION = YES;
				CLANG_WARN_CONSTANT_CONVERSION = YES;
				CLANG_WARN_DIRECT_OBJC_ISA_USAGE = YES_ERROR;
				CLANG_WARN_EMPTY_BODY = YES;
				CLANG_WARN_ENUM_CONVERSION = YES;
				CLANG_WARN_INFINITE_RECURSION = YES;
				CLANG_WARN_INT_CONVERSION = YES;
				CLANG_WARN_OBJC_ROOT_CLASS = YES_ERROR;
				CLANG_WARN_SUSPICIOUS_MOVE = YES;
				CLANG_WARN_UNREACHABLE_CODE = YES;
				CLANG_WARN__DUPLICATE_METHOD_MATCH = YES;
				CODE_SIGN_IDENTITY = "iPhone Developer";
				COPY_PHASE_STRIP = YES;
				ENABLE_NS_ASSERTIONS = NO;
				ENABLE_STRICT_OBJC_MSGSEND = YES;
				GCC_C_LANGUAGE_STANDARD = gnu99;
				GCC_NO_COMMON_BLOCKS = YES;
				GCC_WARN_64_TO_32_BIT_CONVERSION = YES;
				GCC_WARN_ABOUT_RETURN_TYPE = YES_ERROR;
				GCC_WARN_UNDECLARED_SELECTOR = YES;
				GCC_WARN_UNINITIALIZED_AUTOS = YES;
				GCC_WARN_UNUSED_FUNCTION = YES;
				GCC_WARN_UNUSED_VARIABLE = YES;
				IPHONEOS_DEPLOYMENT_TARGET = 9.0;
				SDKROOT = iphoneos;
				TARGETED_DEVICE_FAMILY = "1,2";
				VALIDATE_PRODUCT = YES;
			};
			name = Release;
		};
		83BFA38B1865FDE000BF833D /* Debug */ = {
			isa = XCBuildConfiguration;
			buildSettings = {
				ASSETCATALOG_COMPILER_APPICON_NAME = AppIcon;
				ASSETCATALOG_COMPILER_LAUNCHIMAGE_NAME = LaunchImage;
				CODE_SIGN_IDENTITY = "iPhone Developer";
				"CODE_SIGN_IDENTITY[sdk=iphoneos*]" = "iPhone Developer";
				DEVELOPMENT_TEAM = W3E9PVFGWZ;
				GCC_PRECOMPILE_PREFIX_HEADER = YES;
				GCC_PREFIX_HEADER = "BTCTicker/BTCTicker-Prefix.pch";
				INFOPLIST_FILE = "BTCTicker/BTCTicker-Info.plist";
				IPHONEOS_DEPLOYMENT_TARGET = 9.0;
				ONLY_ACTIVE_ARCH = YES;
				PRODUCT_BUNDLE_IDENTIFIER = com.jaygreco.BTCTicker;
				PRODUCT_NAME = "$(TARGET_NAME)";
				PROVISIONING_PROFILE = "";
				PROVISIONING_PROFILE_SPECIFIER = "";
				WRAPPER_EXTENSION = app;
			};
			name = Debug;
		};
		83BFA38C1865FDE000BF833D /* Release */ = {
			isa = XCBuildConfiguration;
			buildSettings = {
				ASSETCATALOG_COMPILER_APPICON_NAME = AppIcon;
				ASSETCATALOG_COMPILER_LAUNCHIMAGE_NAME = LaunchImage;
				CODE_SIGN_IDENTITY = "iPhone Developer";
				"CODE_SIGN_IDENTITY[sdk=iphoneos*]" = "iPhone Developer";
				DEVELOPMENT_TEAM = W3E9PVFGWZ;
				GCC_PRECOMPILE_PREFIX_HEADER = YES;
				GCC_PREFIX_HEADER = "BTCTicker/BTCTicker-Prefix.pch";
				INFOPLIST_FILE = "BTCTicker/BTCTicker-Info.plist";
				IPHONEOS_DEPLOYMENT_TARGET = 9.0;
				PRODUCT_BUNDLE_IDENTIFIER = com.jaygreco.BTCTicker;
				PRODUCT_NAME = "$(TARGET_NAME)";
				PROVISIONING_PROFILE_SPECIFIER = "";
				WRAPPER_EXTENSION = app;
			};
			name = Release;
		};
/* End XCBuildConfiguration section */

/* Begin XCConfigurationList section */
		83BFA3501865FDE000BF833D /* Build configuration list for PBXProject "BTCTicker" */ = {
			isa = XCConfigurationList;
			buildConfigurations = (
				83BFA3881865FDE000BF833D /* Debug */,
				83BFA3891865FDE000BF833D /* Release */,
			);
			defaultConfigurationIsVisible = 0;
			defaultConfigurationName = Release;
		};
		83BFA38A1865FDE000BF833D /* Build configuration list for PBXNativeTarget "BTCTicker" */ = {
			isa = XCConfigurationList;
			buildConfigurations = (
				83BFA38B1865FDE000BF833D /* Debug */,
				83BFA38C1865FDE000BF833D /* Release */,
			);
			defaultConfigurationIsVisible = 0;
			defaultConfigurationName = Release;
		};
/* End XCConfigurationList section */
	};
	rootObject = 83BFA34D1865FDE000BF833D /* Project object */;
}
